
Microsoft Visual Studio Solution File, Format Version 12.00
# Visual Studio 14
VisualStudioVersion = 14.0.23107.0
MinimumVisualStudioVersion = 10.0.40219.1
Project("{FAE04EC0-301F-11D3-BF4B-00C04F79EFBC}") = "TestHsaConsole", "TestHsaConsole\TestHsaConsole.csproj", "{50D0D462-C069-402E-A8B6-67036E973367}"
EndProject
Project("{F088123C-0E9E-452A-89E6-6BA2F21D5CAC}") = "ModelingProject", "ModelingProject\ModelingProject.modelproj", "{AC703B68-CA89-4008-ACBD-147227A7B7D1}"
EndProject
Project("{FAE04EC0-301F-11D3-BF4B-00C04F79EFBC}") = "BarClassLibrary", "BarClassLibrary\BarClassLibrary.csproj", "{2C22DC3C-1F93-461C-BC3F-F4FF3CA7DCC2}"
EndProject
Project("{FAE04EC0-301F-11D3-BF4B-00C04F79EFBC}") = "HsaClassLibrary", "HsaClassLibrary\HsaClassLibrary.csproj", "{7C7F269C-6A62-4D16-9AA6-A2D88F31AE4F}"
EndProject
Global
	GlobalSection(SolutionConfigurationPlatforms) = preSolution
		Debug|Any CPU = Debug|Any CPU
		Debug|Mixed Platforms = Debug|Mixed Platforms
		Debug|x86 = Debug|x86
		Release|Any CPU = Release|Any CPU
		Release|Mixed Platforms = Release|Mixed Platforms
		Release|x86 = Release|x86
	EndGlobalSection
	GlobalSection(ProjectConfigurationPlatforms) = postSolution
		{50D0D462-C069-402E-A8B6-67036E973367}.Debug|Any CPU.ActiveCfg = Debug|x86
		{50D0D462-C069-402E-A8B6-67036E973367}.Debug|Mixed Platforms.ActiveCfg = Debug|x86
		{50D0D462-C069-402E-A8B6-67036E973367}.Debug|x86.ActiveCfg = Debug|x86
		{50D0D462-C069-402E-A8B6-67036E973367}.Debug|x86.Build.0 = Debug|x86
		{50D0D462-C069-402E-A8B6-67036E973367}.Release|Any CPU.ActiveCfg = Release|x86
		{50D0D462-C069-402E-A8B6-67036E973367}.Release|Mixed Platforms.ActiveCfg = Release|x86
		{50D0D462-C069-402E-A8B6-67036E973367}.Release|Mixed Platforms.Build.0 = Release|x86
		{50D0D462-C069-402E-A8B6-67036E973367}.Release|x86.ActiveCfg = Release|x86
		{50D0D462-C069-402E-A8B6-67036E973367}.Release|x86.Build.0 = Release|x86
		{AC703B68-CA89-4008-ACBD-147227A7B7D1}.Debug|Any CPU.ActiveCfg = Debug|Any CPU
		{AC703B68-CA89-4008-ACBD-147227A7B7D1}.Debug|Any CPU.Build.0 = Debug|Any CPU
		{AC703B68-CA89-4008-ACBD-147227A7B7D1}.Debug|Mixed Platforms.ActiveCfg = Debug|Any CPU
		{AC703B68-CA89-4008-ACBD-147227A7B7D1}.Debug|Mixed Platforms.Build.0 = Debug|Any CPU
		{AC703B68-CA89-4008-ACBD-147227A7B7D1}.Debug|x86.ActiveCfg = Debug|Any CPU
		{AC703B68-CA89-4008-ACBD-147227A7B7D1}.Release|Any CPU.ActiveCfg = Release|Any CPU
		{AC703B68-CA89-4008-ACBD-147227A7B7D1}.Release|Any CPU.Build.0 = Release|Any CPU
		{AC703B68-CA89-4008-ACBD-147227A7B7D1}.Release|Mixed Platforms.ActiveCfg = Release|Any CPU
		{AC703B68-CA89-4008-ACBD-147227A7B7D1}.Release|Mixed Platforms.Build.0 = Release|Any CPU
		{AC703B68-CA89-4008-ACBD-147227A7B7D1}.Release|x86.ActiveCfg = Release|Any CPU
		{2C22DC3C-1F93-461C-BC3F-F4FF3CA7DCC2}.Debug|Any CPU.ActiveCfg = Debug|Any CPU
		{2C22DC3C-1F93-461C-BC3F-F4FF3CA7DCC2}.Debug|Any CPU.Build.0 = Debug|Any CPU
		{2C22DC3C-1F93-461C-BC3F-F4FF3CA7DCC2}.Debug|Mixed Platforms.ActiveCfg = Debug|Any CPU
		{2C22DC3C-1F93-461C-BC3F-F4FF3CA7DCC2}.Debug|Mixed Platforms.Build.0 = Debug|Any CPU
		{2C22DC3C-1F93-461C-BC3F-F4FF3CA7DCC2}.Debug|x86.ActiveCfg = Debug|Any CPU
		{2C22DC3C-1F93-461C-BC3F-F4FF3CA7DCC2}.Release|Any CPU.ActiveCfg = Release|Any CPU
		{2C22DC3C-1F93-461C-BC3F-F4FF3CA7DCC2}.Release|Any CPU.Build.0 = Release|Any CPU
		{2C22DC3C-1F93-461C-BC3F-F4FF3CA7DCC2}.Release|Mixed Platforms.ActiveCfg = Release|Any CPU
		{2C22DC3C-1F93-461C-BC3F-F4FF3CA7DCC2}.Release|Mixed Platforms.Build.0 = Release|Any CPU
		{2C22DC3C-1F93-461C-BC3F-F4FF3CA7DCC2}.Release|x86.ActiveCfg = Release|Any CPU
		{7C7F269C-6A62-4D16-9AA6-A2D88F31AE4F}.Debug|Any CPU.ActiveCfg = Debug|Any CPU
		{7C7F269C-6A62-4D16-9AA6-A2D88F31AE4F}.Debug|Any CPU.Build.0 = Debug|Any CPU
		{7C7F269C-6A62-4D16-9AA6-A2D88F31AE4F}.Debug|Mixed Platforms.ActiveCfg = Debug|Any CPU
		{7C7F269C-6A62-4D16-9AA6-A2D88F31AE4F}.Debug|Mixed Platforms.Build.0 = Debug|Any CPU
		{7C7F269C-6A62-4D16-9AA6-A2D88F31AE4F}.Debug|x86.ActiveCfg = Debug|Any CPU
		{7C7F269C-6A62-4D16-9AA6-A2D88F31AE4F}.Release|Any CPU.ActiveCfg = Release|Any CPU
		{7C7F269C-6A62-4D16-9AA6-A2D88F31AE4F}.Release|Any CPU.Build.0 = Release|Any CPU
		{7C7F269C-6A62-4D16-9AA6-A2D88F31AE4F}.Release|Mixed Platforms.ActiveCfg = Release|Any CPU
		{7C7F269C-6A62-4D16-9AA6-A2D88F31AE4F}.Release|Mixed Platforms.Build.0 = Release|Any CPU
		{7C7F269C-6A62-4D16-9AA6-A2D88F31AE4F}.Release|x86.ActiveCfg = Release|Any CPU
	EndGlobalSection
	GlobalSection(SolutionProperties) = preSolution
		HideSolutionNode = FALSE
	EndGlobalSection
EndGlobal
